
Microsoft Visual Studio Solution File, Format Version 12.00
# Visual Studio Version 17
VisualStudioVersion = 17.5.002.0
MinimumVisualStudioVersion = 10.0.40219.1
Project("{9A19103F-16F7-4668-BE54-9A1E7A4F7556}") = "termProject", "termProject.csproj", "{2D265E36-FCF1-4213-85F6-BFD415B67BF5}"
EndProject
Global
	GlobalSection(SolutionConfigurationPlatforms) = preSolution
		Debug|Any CPU = Debug|Any CPU
		Release|Any CPU = Release|Any CPU
	EndGlobalSection
	GlobalSection(ProjectConfigurationPlatforms) = postSolution
		{2D265E36-FCF1-4213-85F6-BFD415B67BF5}.Debug|Any CPU.ActiveCfg = Debug|Any CPU
		{2D265E36-FCF1-4213-85F6-BFD415B67BF5}.Debug|Any CPU.Build.0 = Debug|Any CPU
		{2D265E36-FCF1-4213-85F6-BFD415B67BF5}.Release|Any CPU.ActiveCfg = Release|Any CPU
		{2D265E36-FCF1-4213-85F6-BFD415B67BF5}.Release|Any CPU.Build.0 = Release|Any CPU
	EndGlobalSection
	GlobalSection(SolutionProperties) = preSolution
		HideSolutionNode = FALSE
	EndGlobalSection
	GlobalSection(ExtensibilityGlobals) = postSolution
		SolutionGuid = {1A866C46-BC91-4A3F-AC69-AC70415AEB2B}
	EndGlobalSection
EndGlobal
